{
  "requires": true,
  "lockfileVersion": 1,
  "dependencies": {
    "classnames": {
      "version": "2.2.6",
      "resolved": "https://registry.npmjs.org/classnames/-/classnames-2.2.6.tgz",
      "integrity": "sha512-JR/iSQOSt+LQIWwrwEzJ9uk0xfN3mTVYMwt1Ir5mUcSN6pU+V4zQFFaJsclJbPuAUQH+yfWef6tm7l1quW3C8Q=="
    },
    "react-table": {
      "version": "6.10.3",
      "resolved": "https://registry.npmjs.org/react-table/-/react-table-6.10.3.tgz",
      "integrity": "sha512-sVlq2/rxVaQJywGD95+qGiMr/SMHFIFnXdx619BLOWE/Os5FOGtV6pQJNAjZixbQZiOu7dmBO1kME28uxh6wmA==",
      "requires": {
        "classnames": "2.2.6"
      }
    }
  }
}
